
Microsoft Visual Studio Solution File, Format Version 12.00
# Visual Studio Version 17
VisualStudioVersion = 17.11.35312.102
MinimumVisualStudioVersion = 10.0.40219.1
Project("{FAE04EC0-301F-11D3-BF4B-00C04F79EFBC}") = "PianoSimulator", "PianoSimulator.csproj", "{10D32FAF-B6C7-41ED-BA04-7F98A3BC4FCF}"
EndProject
Global
	GlobalSection(SolutionConfigurationPlatforms) = preSolution
		Debug|Any CPU = Debug|Any CPU
		Release|Any CPU = Release|Any CPU
	EndGlobalSection
	GlobalSection(ProjectConfigurationPlatforms) = postSolution
		{10D32FAF-B6C7-41ED-BA04-7F98A3BC4FCF}.Debug|Any CPU.ActiveCfg = Debug|Any CPU
		{10D32FAF-B6C7-41ED-BA04-7F98A3BC4FCF}.Debug|Any CPU.Build.0 = Debug|Any CPU
		{10D32FAF-B6C7-41ED-BA04-7F98A3BC4FCF}.Release|Any CPU.ActiveCfg = Release|Any CPU
		{10D32FAF-B6C7-41ED-BA04-7F98A3BC4FCF}.Release|Any CPU.Build.0 = Release|Any CPU
	EndGlobalSection
	GlobalSection(SolutionProperties) = preSolution
		HideSolutionNode = FALSE
	EndGlobalSection
	GlobalSection(ExtensibilityGlobals) = postSolution
		SolutionGuid = {2BAAC3D2-7033-4633-9DDE-CEA007859ACC}
	EndGlobalSection
EndGlobal
